
Microsoft Visual Studio Solution File, Format Version 12.00
# Visual Studio Version 17
VisualStudioVersion = 17.9.34616.47
MinimumVisualStudioVersion = 10.0.40219.1
Project("{FAE04EC0-301F-11D3-BF4B-00C04F79EFBC}") = "web_thuyettrinh", "web_thuyettrinh\web_thuyettrinh.csproj", "{ECB0DED7-6AC6-4CDF-8751-8522CFB1410A}"
EndProject
Global
	GlobalSection(SolutionConfigurationPlatforms) = preSolution
		Debug|Any CPU = Debug|Any CPU
		Release|Any CPU = Release|Any CPU
	EndGlobalSection
	GlobalSection(ProjectConfigurationPlatforms) = postSolution
		{ECB0DED7-6AC6-4CDF-8751-8522CFB1410A}.Debug|Any CPU.ActiveCfg = Debug|Any CPU
		{ECB0DED7-6AC6-4CDF-8751-8522CFB1410A}.Debug|Any CPU.Build.0 = Debug|Any CPU
		{ECB0DED7-6AC6-4CDF-8751-8522CFB1410A}.Release|Any CPU.ActiveCfg = Release|Any CPU
		{ECB0DED7-6AC6-4CDF-8751-8522CFB1410A}.Release|Any CPU.Build.0 = Release|Any CPU
	EndGlobalSection
	GlobalSection(SolutionProperties) = preSolution
		HideSolutionNode = FALSE
	EndGlobalSection
	GlobalSection(ExtensibilityGlobals) = postSolution
		SolutionGuid = {3C80F6F9-9259-46F9-AF61-F3A72CE22EC7}
	EndGlobalSection
EndGlobal
